// !$*UTF8*$!
{
	archiveVersion = 1;
	classes = {
	};
	objectVersion = 55;
	objects = {

/* Begin PBXBuildFile section */
		5229711527A8A6C700EE2ADA /* AppDelegate.swift in Sources */ = {isa = PBXBuildFile; fileRef = 5229711427A8A6C700EE2ADA /* AppDelegate.swift */; };
		5229711727A8A6C700EE2ADA /* SceneDelegate.swift in Sources */ = {isa = PBXBuildFile; fileRef = 5229711627A8A6C700EE2ADA /* SceneDelegate.swift */; };
		5229711927A8A6C700EE2ADA /* MoviesViewController.swift in Sources */ = {isa = PBXBuildFile; fileRef = 5229711827A8A6C700EE2ADA /* MoviesViewController.swift */; };
		5229711C27A8A6C700EE2ADA /* Main.storyboard in Resources */ = {isa = PBXBuildFile; fileRef = 5229711A27A8A6C700EE2ADA /* Main.storyboard */; };
		5229711E27A8A6CA00EE2ADA /* Assets.xcassets in Resources */ = {isa = PBXBuildFile; fileRef = 5229711D27A8A6CA00EE2ADA /* Assets.xcassets */; };
		5229712127A8A6CA00EE2ADA /* LaunchScreen.storyboard in Resources */ = {isa = PBXBuildFile; fileRef = 5229711F27A8A6CA00EE2ADA /* LaunchScreen.storyboard */; };
		5229712C27A8A6CA00EE2ADA /* FlixTests.swift in Sources */ = {isa = PBXBuildFile; fileRef = 5229712B27A8A6CA00EE2ADA /* FlixTests.swift */; };
		5229713627A8A6CA00EE2ADA /* FlixUITests.swift in Sources */ = {isa = PBXBuildFile; fileRef = 5229713527A8A6CA00EE2ADA /* FlixUITests.swift */; };
		5229713827A8A6CA00EE2ADA /* FlixUITestsLaunchTests.swift in Sources */ = {isa = PBXBuildFile; fileRef = 5229713727A8A6CA00EE2ADA /* FlixUITestsLaunchTests.swift */; };
		52B097F527A8C67F00BDC233 /* MovieCell.swift in Sources */ = {isa = PBXBuildFile; fileRef = 52B097F427A8C67F00BDC233 /* MovieCell.swift */; };
		52B097F827A8CBFA00BDC233 /* AlamofireImage in Frameworks */ = {isa = PBXBuildFile; productRef = 52B097F727A8CBFA00BDC233 /* AlamofireImage */; };
/* End PBXBuildFile section */

/* Begin PBXContainerItemProxy section */
		5229712827A8A6CA00EE2ADA /* PBXContainerItemProxy */ = {
			isa = PBXContainerItemProxy;
			containerPortal = 5229710927A8A6C700EE2ADA /* Project object */;
			proxyType = 1;
			remoteGlobalIDString = 5229711027A8A6C700EE2ADA;
			remoteInfo = Flix;
		};
		5229713227A8A6CA00EE2ADA /* PBXContainerItemProxy */ = {
			isa = PBXContainerItemProxy;
			containerPortal = 5229710927A8A6C700EE2ADA /* Project object */;
			proxyType = 1;
			remoteGlobalIDString = 5229711027A8A6C700EE2ADA;
			remoteInfo = Flix;
		};
/* End PBXContainerItemProxy section */

/* Begin PBXFileReference section */
		5229711127A8A6C700EE2ADA /* Flix.app */ = {isa = PBXFileReference; explicitFileType = wrapper.application; includeInIndex = 0; path = Flix.app; sourceTree = BUILT_PRODUCTS_DIR; };
		5229711427A8A6C700EE2ADA /* AppDelegate.swift */ = {isa = PBXFileReference; lastKnownFileType = sourcecode.swift; path = AppDelegate.swift; sourceTree = "<group>"; };
		5229711627A8A6C700EE2ADA /* SceneDelegate.swift */ = {isa = PBXFileReference; lastKnownFileType = sourcecode.swift; path = SceneDelegate.swift; sourceTree = "<group>"; };
		5229711827A8A6C700EE2ADA /* MoviesViewController.swift */ = {isa = PBXFileReference; lastKnownFileType = sourcecode.swift; path = MoviesViewController.swift; sourceTree = "<group>"; };
		5229711B27A8A6C700EE2ADA /* Base */ = {isa = PBXFileReference; lastKnownFileType = file.storyboard; name = Base; path = Base.lproj/Main.storyboard; sourceTree = "<group>"; };
		5229711D27A8A6CA00EE2ADA /* Assets.xcassets */ = {isa = PBXFileReference; lastKnownFileType = folder.assetcatalog; path = Assets.xcassets; sourceTree = "<group>"; };
		5229712027A8A6CA00EE2ADA /* Base */ = {isa = PBXFileReference; lastKnownFileType = file.storyboard; name = Base; path = Base.lproj/LaunchScreen.storyboard; sourceTree = "<group>"; };
		5229712227A8A6CA00EE2ADA /* Info.plist */ = {isa = PBXFileReference; lastKnownFileType = text.plist.xml; path = Info.plist; sourceTree = "<group>"; };
		5229712727A8A6CA00EE2ADA /* FlixTests.xctest */ = {isa = PBXFileReference; explicitFileType = wrapper.cfbundle; includeInIndex = 0; path = FlixTests.xctest; sourceTree = BUILT_PRODUCTS_DIR; };
		5229712B27A8A6CA00EE2ADA /* FlixTests.swift */ = {isa = PBXFileReference; lastKnownFileType = sourcecode.swift; path = FlixTests.swift; sourceTree = "<group>"; };
		5229713127A8A6CA00EE2ADA /* FlixUITests.xctest */ = {isa = PBXFileReference; explicitFileType = wrapper.cfbundle; includeInIndex = 0; path = FlixUITests.xctest; sourceTree = BUILT_PRODUCTS_DIR; };
		5229713527A8A6CA00EE2ADA /* FlixUITests.swift */ = {isa = PBXFileReference; lastKnownFileType = sourcecode.swift; path = FlixUITests.swift; sourceTree = "<group>"; };
		5229713727A8A6CA00EE2ADA /* FlixUITestsLaunchTests.swift */ = {isa = PBXFileReference; lastKnownFileType = sourcecode.swift; path = FlixUITestsLaunchTests.swift; sourceTree = "<group>"; };
		52B097F427A8C67F00BDC233 /* MovieCell.swift */ = {isa = PBXFileReference; lastKnownFileType = sourcecode.swift; path = MovieCell.swift; sourceTree = "<group>"; };
/* End PBXFileReference section */

/* Begin PBXFrameworksBuildPhase section */
		5229710E27A8A6C700EE2ADA /* Frameworks */ = {
			isa = PBXFrameworksBuildPhase;
			buildActionMask = 2147483647;
			files = (
				52B097F827A8CBFA00BDC233 /* AlamofireImage in Frameworks */,
			);
			runOnlyForDeploymentPostprocessing = 0;
		};
		5229712427A8A6CA00EE2ADA /* Frameworks */ = {
			isa = PBXFrameworksBuildPhase;
			buildActionMask = 2147483647;
			files = (
			);
			runOnlyForDeploymentPostprocessing = 0;
		};
		5229712E27A8A6CA00EE2ADA /* Frameworks */ = {
			isa = PBXFrameworksBuildPhase;
			buildActionMask = 2147483647;
			files = (
			);
			runOnlyForDeploymentPostprocessing = 0;
		};
/* End PBXFrameworksBuildPhase section */

/* Begin PBXGroup section */
		5229710827A8A6C700EE2ADA = {
			isa = PBXGroup;
			children = (
				5229711327A8A6C700EE2ADA /* Flix */,
				5229712A27A8A6CA00EE2ADA /* FlixTests */,
				5229713427A8A6CA00EE2ADA /* FlixUITests */,
				5229711227A8A6C700EE2ADA /* Products */,
			);
			sourceTree = "<group>";
		};
		5229711227A8A6C700EE2ADA /* Products */ = {
			isa = PBXGroup;
			children = (
				5229711127A8A6C700EE2ADA /* Flix.app */,
				5229712727A8A6CA00EE2ADA /* FlixTests.xctest */,
				5229713127A8A6CA00EE2ADA /* FlixUITests.xctest */,
			);
			name = Products;
			sourceTree = "<group>";
		};
		5229711327A8A6C700EE2ADA /* Flix */ = {
			isa = PBXGroup;
			children = (
				5229711427A8A6C700EE2ADA /* AppDelegate.swift */,
				5229711627A8A6C700EE2ADA /* SceneDelegate.swift */,
				5229711827A8A6C700EE2ADA /* MoviesViewController.swift */,
				5229711A27A8A6C700EE2ADA /* Main.storyboard */,
				52B097F427A8C67F00BDC233 /* MovieCell.swift */,
				5229711D27A8A6CA00EE2ADA /* Assets.xcassets */,
				5229711F27A8A6CA00EE2ADA /* LaunchScreen.storyboard */,
				5229712227A8A6CA00EE2ADA /* Info.plist */,
			);
			path = Flix;
			sourceTree = "<group>";
		};
		5229712A27A8A6CA00EE2ADA /* FlixTests */ = {
			isa = PBXGroup;
			children = (
				5229712B27A8A6CA00EE2ADA /* FlixTests.swift */,
			);
			path = FlixTests;
			sourceTree = "<group>";
		};
		5229713427A8A6CA00EE2ADA /* FlixUITests */ = {
			isa = PBXGroup;
			children = (
				5229713527A8A6CA00EE2ADA /* FlixUITests.swift */,
				5229713727A8A6CA00EE2ADA /* FlixUITestsLaunchTests.swift */,
			);
			path = FlixUITests;
			sourceTree = "<group>";
		};
/* End PBXGroup section */

/* Begin PBXNativeTarget section */
		5229711027A8A6C700EE2ADA /* Flix */ = {
			isa = PBXNativeTarget;
			buildConfigurationList = 5229713B27A8A6CA00EE2ADA /* Build configuration list for PBXNativeTarget "Flix" */;
			buildPhases = (
				5229710D27A8A6C700EE2ADA /* Sources */,
				5229710E27A8A6C700EE2ADA /* Frameworks */,
				5229710F27A8A6C700EE2ADA /* Resources */,
			);
			buildRules = (
			);
			dependencies = (
			);
			name = Flix;
			packageProductDependencies = (
				52B097F727A8CBFA00BDC233 /* AlamofireImage */,
			);
			productName = Flix;
			productReference = 5229711127A8A6C700EE2ADA /* Flix.app */;
			productType = "com.apple.product-type.application";
		};
		5229712627A8A6CA00EE2ADA /* FlixTests */ = {
			isa = PBXNativeTarget;
			buildConfigurationList = 5229713E27A8A6CA00EE2ADA /* Build configuration list for PBXNativeTarget "FlixTests" */;
			buildPhases = (
				5229712327A8A6CA00EE2ADA /* Sources */,
				5229712427A8A6CA00EE2ADA /* Frameworks */,
				5229712527A8A6CA00EE2ADA /* Resources */,
			);
			buildRules = (
			);
			dependencies = (
				5229712927A8A6CA00EE2ADA /* PBXTargetDependency */,
			);
			name = FlixTests;
			productName = FlixTests;
			productReference = 5229712727A8A6CA00EE2ADA /* FlixTests.xctest */;
			productType = "com.apple.product-type.bundle.unit-test";
		};
		5229713027A8A6CA00EE2ADA /* FlixUITests */ = {
			isa = PBXNativeTarget;
			buildConfigurationList = 5229714127A8A6CA00EE2ADA /* Build configuration list for PBXNativeTarget "FlixUITests" */;
			buildPhases = (
				5229712D27A8A6CA00EE2ADA /* Sources */,
				5229712E27A8A6CA00EE2ADA /* Frameworks */,
				5229712F27A8A6CA00EE2ADA /* Resources */,
			);
			buildRules = (
			);
			dependencies = (
				5229713327A8A6CA00EE2ADA /* PBXTargetDependency */,
			);
			name = FlixUITests;
			productName = FlixUITests;
			productReference = 5229713127A8A6CA00EE2ADA /* FlixUITests.xctest */;
			productType = "com.apple.product-type.bundle.ui-testing";
		};
/* End PBXNativeTarget section */

/* Begin PBXProject section */
		5229710927A8A6C700EE2ADA /* Project object */ = {
			isa = PBXProject;
			attributes = {
				BuildIndependentTargetsInParallel = 1;
				LastSwiftUpdateCheck = 1320;
				LastUpgradeCheck = 1320;
				TargetAttributes = {
					5229711027A8A6C700EE2ADA = {
						CreatedOnToolsVersion = 13.2.1;
					};
					5229712627A8A6CA00EE2ADA = {
						CreatedOnToolsVersion = 13.2.1;
						TestTargetID = 5229711027A8A6C700EE2ADA;
					};
					5229713027A8A6CA00EE2ADA = {
						CreatedOnToolsVersion = 13.2.1;
						TestTargetID = 5229711027A8A6C700EE2ADA;
					};
				};
			};
			buildConfigurationList = 5229710C27A8A6C700EE2ADA /* Build configuration list for PBXProject "Flix" */;
			compatibilityVersion = "Xcode 13.0";
			developmentRegion = en;
			hasScannedForEncodings = 0;
			knownRegions = (
				en,
				Base,
			);
			mainGroup = 5229710827A8A6C700EE2ADA;
			packageReferences = (
				52B097F627A8CBFA00BDC233 /* XCRemoteSwiftPackageReference "AlamofireImage" */,
			);
			productRefGroup = 5229711227A8A6C700EE2ADA /* Products */;
			projectDirPath = "";
			projectRoot = "";
			targets = (
				5229711027A8A6C700EE2ADA /* Flix */,
				5229712627A8A6CA00EE2ADA /* FlixTests */,
				5229713027A8A6CA00EE2ADA /* FlixUITests */,
			);
		};
/* End PBXProject section */

/* Begin PBXResourcesBuildPhase section */
		5229710F27A8A6C700EE2ADA /* Resources */ = {
			isa = PBXResourcesBuildPhase;
			buildActionMask = 2147483647;
			files = (
				5229712127A8A6CA00EE2ADA /* LaunchScreen.storyboard in Resources */,
				5229711E27A8A6CA00EE2ADA /* Assets.xcassets in Resources */,
				5229711C27A8A6C700EE2ADA /* Main.storyboard in Resources */,
			);
			runOnlyForDeploymentPostprocessing = 0;
		};
		5229712527A8A6CA00EE2ADA /* Resources */ = {
			isa = PBXResourcesBuildPhase;
			buildActionMask = 2147483647;
			files = (
			);
			runOnlyForDeploymentPostprocessing = 0;
		};
		5229712F27A8A6CA00EE2ADA /* Resources */ = {
			isa = PBXResourcesBuildPhase;
			buildActionMask = 2147483647;
			files = (
			);
			runOnlyForDeploymentPostprocessing = 0;
		};
/* End PBXResourcesBuildPhase section */

/* Begin PBXSourcesBuildPhase section */
		5229710D27A8A6C700EE2ADA /* Sources */ = {
			isa = PBXSourcesBuildPhase;
			buildActionMask = 2147483647;
			files = (
				5229711927A8A6C700EE2ADA /* MoviesViewController.swift in Sources */,
				5229711527A8A6C700EE2ADA /* AppDelegate.swift in Sources */,
				52B097F527A8C67F00BDC233 /* MovieCell.swift in Sources */,
				5229711727A8A6C700EE2ADA /* SceneDelegate.swift in Sources */,
			);
			runOnlyForDeploymentPostprocessing = 0;
		};
		5229712327A8A6CA00EE2ADA /* Sources */ = {
			isa = PBXSourcesBuildPhase;
			buildActionMask = 2147483647;
			files = (
				5229712C27A8A6CA00EE2ADA /* FlixTests.swift in Sources */,
			);
			runOnlyForDeploymentPostprocessing = 0;
		};
		5229712D27A8A6CA00EE2ADA /* Sources */ = {
			isa = PBXSourcesBuildPhase;
			buildActionMask = 2147483647;
			files = (
				5229713627A8A6CA00EE2ADA /* FlixUITests.swift in Sources */,
				5229713827A8A6CA00EE2ADA /* FlixUITestsLaunchTests.swift in Sources */,
			);
			runOnlyForDeploymentPostprocessing = 0;
		};
/* End PBXSourcesBuildPhase section */

/* Begin PBXTargetDependency section */
		5229712927A8A6CA00EE2ADA /* PBXTargetDependency */ = {
			isa = PBXTargetDependency;
			target = 5229711027A8A6C700EE2ADA /* Flix */;
			targetProxy = 5229712827A8A6CA00EE2ADA /* PBXContainerItemProxy */;
		};
		5229713327A8A6CA00EE2ADA /* PBXTargetDependency */ = {
			isa = PBXTargetDependency;
			target = 5229711027A8A6C700EE2ADA /* Flix */;
			targetProxy = 5229713227A8A6CA00EE2ADA /* PBXContainerItemProxy */;
		};
/* End PBXTargetDependency section */

/* Begin PBXVariantGroup section */
		5229711A27A8A6C700EE2ADA /* Main.storyboard */ = {
			isa = PBXVariantGroup;
			children = (
				5229711B27A8A6C700EE2ADA /* Base */,
			);
			name = Main.storyboard;
			sourceTree = "<group>";
		};
		5229711F27A8A6CA00EE2ADA /* LaunchScreen.storyboard */ = {
			isa = PBXVariantGroup;
			children = (
				5229712027A8A6CA00EE2ADA /* Base */,
			);
			name = LaunchScreen.storyboard;
			sourceTree = "<group>";
		};
/* End PBXVariantGroup section */

/* Begin XCBuildConfiguration section */
		5229713927A8A6CA00EE2ADA /* Debug */ = {
			isa = XCBuildConfiguration;
			buildSettings = {
				ALWAYS_SEARCH_USER_PATHS = NO;
				CLANG_ANALYZER_NONNULL = YES;
				CLANG_ANALYZER_NUMBER_OBJECT_CONVERSION = YES_AGGRESSIVE;
				CLANG_CXX_LANGUAGE_STANDARD = "gnu++17";
				CLANG_CXX_LIBRARY = "libc++";
				CLANG_ENABLE_MODULES = YES;
				CLANG_ENABLE_OBJC_ARC = YES;
				CLANG_ENABLE_OBJC_WEAK = YES;
				CLANG_WARN_BLOCK_CAPTURE_AUTORELEASING = YES;
				CLANG_WARN_BOOL_CONVERSION = YES;
				CLANG_WARN_COMMA = YES;
				CLANG_WARN_CONSTANT_CONVERSION = YES;
				CLANG_WARN_DEPRECATED_OBJC_IMPLEMENTATIONS = YES;
				CLANG_WARN_DIRECT_OBJC_ISA_USAGE = YES_ERROR;
				CLANG_WARN_DOCUMENTATION_COMMENTS = YES;
				CLANG_WARN_EMPTY_BODY = YES;
				CLANG_WARN_ENUM_CONVERSION = YES;
				CLANG_WARN_INFINITE_RECURSION = YES;
				CLANG_WARN_INT_CONVERSION = YES;
				CLANG_WARN_NON_LITERAL_NULL_CONVERSION = YES;
				CLANG_WARN_OBJC_IMPLICIT_RETAIN_SELF = YES;
				CLANG_WARN_OBJC_LITERAL_CONVERSION = YES;
				CLANG_WARN_OBJC_ROOT_CLASS = YES_ERROR;
				CLANG_WARN_QUOTED_INCLUDE_IN_FRAMEWORK_HEADER = YES;
				CLANG_WARN_RANGE_LOOP_ANALYSIS = YES;
				CLANG_WARN_STRICT_PROTOTYPES = YES;
				CLANG_WARN_SUSPICIOUS_MOVE = YES;
				CLANG_WARN_UNGUARDED_AVAILABILITY = YES_AGGRESSIVE;
				CLANG_WARN_UNREACHABLE_CODE = YES;
				CLANG_WARN__DUPLICATE_METHOD_MATCH = YES;
				COPY_PHASE_STRIP = NO;
				DEBUG_INFORMATION_FORMAT = dwarf;
				ENABLE_STRICT_OBJC_MSGSEND = YES;
				ENABLE_TESTABILITY = YES;
				GCC_C_LANGUAGE_STANDARD = gnu11;
				GCC_DYNAMIC_NO_PIC = NO;
				GCC_NO_COMMON_BLOCKS = YES;
				GCC_OPTIMIZATION_LEVEL = 0;
				GCC_PREPROCESSOR_DEFINITIONS = (
					"DEBUG=1",
					"$(inherited)",
				);
				GCC_WARN_64_TO_32_BIT_CONVERSION = YES;
				GCC_WARN_ABOUT_RETURN_TYPE = YES_ERROR;
				GCC_WARN_UNDECLARED_SELECTOR = YES;
				GCC_WARN_UNINITIALIZED_AUTOS = YES_AGGRESSIVE;
				GCC_WARN_UNUSED_FUNCTION = YES;
				GCC_WARN_UNUSED_VARIABLE = YES;
				IPHONEOS_DEPLOYMENT_TARGET = 15.2;
				MTL_ENABLE_DEBUG_INFO = INCLUDE_SOURCE;
				MTL_FAST_MATH = YES;
				ONLY_ACTIVE_ARCH = YES;
				SDKROOT = iphoneos;
				SWIFT_ACTIVE_COMPILATION_CONDITIONS = DEBUG;
				SWIFT_OPTIMIZATION_LEVEL = "-Onone";
			};
			name = Debug;
		};
		5229713A27A8A6CA00EE2ADA /* Release */ = {
			isa = XCBuildConfiguration;
			buildSettings = {
				ALWAYS_SEARCH_USER_PATHS = NO;
				CLANG_ANALYZER_NONNULL = YES;
				CLANG_ANALYZER_NUMBER_OBJECT_CONVERSION = YES_AGGRESSIVE;
				CLANG_CXX_LANGUAGE_STANDARD = "gnu++17";
				CLANG_CXX_LIBRARY = "libc++";
				CLANG_ENABLE_MODULES = YES;
				CLANG_ENABLE_OBJC_ARC = YES;
				CLANG_ENABLE_OBJC_WEAK = YES;
				CLANG_WARN_BLOCK_CAPTURE_AUTORELEASING = YES;
				CLANG_WARN_BOOL_CONVERSION = YES;
				CLANG_WARN_COMMA = YES;
				CLANG_WARN_CONSTANT_CONVERSION = YES;
				CLANG_WARN_DEPRECATED_OBJC_IMPLEMENTATIONS = YES;
				CLANG_WARN_DIRECT_OBJC_ISA_USAGE = YES_ERROR;
				CLANG_WARN_DOCUMENTATION_COMMENTS = YES;
				CLANG_WARN_EMPTY_BODY = YES;
				CLANG_WARN_ENUM_CONVERSION = YES;
				CLANG_WARN_INFINITE_RECURSION = YES;
				CLANG_WARN_INT_CONVERSION = YES;
				CLANG_WARN_NON_LITERAL_NULL_CONVERSION = YES;
				CLANG_WARN_OBJC_IMPLICIT_RETAIN_SELF = YES;
				CLANG_WARN_OBJC_LITERAL_CONVERSION = YES;
				CLANG_WARN_OBJC_ROOT_CLASS = YES_ERROR;
				CLANG_WARN_QUOTED_INCLUDE_IN_FRAMEWORK_HEADER = YES;
				CLANG_WARN_RANGE_LOOP_ANALYSIS = YES;
				CLANG_WARN_STRICT_PROTOTYPES = YES;
				CLANG_WARN_SUSPICIOUS_MOVE = YES;
				CLANG_WARN_UNGUARDED_AVAILABILITY = YES_AGGRESSIVE;
				CLANG_WARN_UNREACHABLE_CODE = YES;
				CLANG_WARN__DUPLICATE_METHOD_MATCH = YES;
				COPY_PHASE_STRIP = NO;
				DEBUG_INFORMATION_FORMAT = "dwarf-with-dsym";
				ENABLE_NS_ASSERTIONS = NO;
				ENABLE_STRICT_OBJC_MSGSEND = YES;
				GCC_C_LANGUAGE_STANDARD = gnu11;
				GCC_NO_COMMON_BLOCKS = YES;
				GCC_WARN_64_TO_32_BIT_CONVERSION = YES;
				GCC_WARN_ABOUT_RETURN_TYPE = YES_ERROR;
				GCC_WARN_UNDECLARED_SELECTOR = YES;
				GCC_WARN_UNINITIALIZED_AUTOS = YES_AGGRESSIVE;
				GCC_WARN_UNUSED_FUNCTION = YES;
				GCC_WARN_UNUSED_VARIABLE = YES;
				IPHONEOS_DEPLOYMENT_TARGET = 15.2;
				MTL_ENABLE_DEBUG_INFO = NO;
				MTL_FAST_MATH = YES;
				SDKROOT = iphoneos;
				SWIFT_COMPILATION_MODE = wholemodule;
				SWIFT_OPTIMIZATION_LEVEL = "-O";
				VALIDATE_PRODUCT = YES;
			};
			name = Release;
		};
		5229713C27A8A6CA00EE2ADA /* Debug */ = {
			isa = XCBuildConfiguration;
			buildSettings = {
				ASSETCATALOG_COMPILER_APPICON_NAME = AppIcon;
				ASSETCATALOG_COMPILER_GLOBAL_ACCENT_COLOR_NAME = AccentColor;
				CODE_SIGN_STYLE = Automatic;
				CURRENT_PROJECT_VERSION = 1;
				DEVELOPMENT_TEAM = S93LX6U6S6;
				GENERATE_INFOPLIST_FILE = YES;
				INFOPLIST_FILE = Flix/Info.plist;
				INFOPLIST_KEY_UIApplicationSupportsIndirectInputEvents = YES;
				INFOPLIST_KEY_UILaunchStoryboardName = LaunchScreen;
				INFOPLIST_KEY_UIMainStoryboardFile = Main;
				INFOPLIST_KEY_UISupportedInterfaceOrientations_iPad = "UIInterfaceOrientationPortrait UIInterfaceOrientationPortraitUpsideDown UIInterfaceOrientationLandscapeLeft UIInterfaceOrientationLandscapeRight";
				INFOPLIST_KEY_UISupportedInterfaceOrientations_iPhone = "UIInterfaceOrientationPortrait UIInterfaceOrientationLandscapeLeft UIInterfaceOrientationLandscapeRight";
				LD_RUNPATH_SEARCH_PATHS = (
					"$(inherited)",
					"@executable_path/Frameworks",
				);
				MARKETING_VERSION = 1.0;
				PRODUCT_BUNDLE_IDENTIFIER = com.BrianBrown.Flix;
				PRODUCT_NAME = "$(TARGET_NAME)";
				SWIFT_EMIT_LOC_STRINGS = YES;
				SWIFT_VERSION = 5.0;
				TARGETED_DEVICE_FAMILY = "1,2";
			};
			name = Debug;
		};
		5229713D27A8A6CA00EE2ADA /* Release */ = {
			isa = XCBuildConfiguration;
			buildSettings = {
				ASSETCATALOG_COMPILER_APPICON_NAME = AppIcon;
				ASSETCATALOG_COMPILER_GLOBAL_ACCENT_COLOR_NAME = AccentColor;
				CODE_SIGN_STYLE = Automatic;
				CURRENT_PROJECT_VERSION = 1;
				DEVELOPMENT_TEAM = S93LX6U6S6;
				GENERATE_INFOPLIST_FILE = YES;
				INFOPLIST_FILE = Flix/Info.plist;
				INFOPLIST_KEY_UIApplicationSupportsIndirectInputEvents = YES;
				INFOPLIST_KEY_UILaunchStoryboardName = LaunchScreen;
				INFOPLIST_KEY_UIMainStoryboardFile = Main;
				INFOPLIST_KEY_UISupportedInterfaceOrientations_iPad = "UIInterfaceOrientationPortrait UIInterfaceOrientationPortraitUpsideDown UIInterfaceOrientationLandscapeLeft UIInterfaceOrientationLandscapeRight";
				INFOPLIST_KEY_UISupportedInterfaceOrientations_iPhone = "UIInterfaceOrientationPortrait UIInterfaceOrientationLandscapeLeft UIInterfaceOrientationLandscapeRight";
				LD_RUNPATH_SEARCH_PATHS = (
					"$(inherited)",
					"@executable_path/Frameworks",
				);
				MARKETING_VERSION = 1.0;
				PRODUCT_BUNDLE_IDENTIFIER = com.BrianBrown.Flix;
				PRODUCT_NAME = "$(TARGET_NAME)";
				SWIFT_EMIT_LOC_STRINGS = YES;
				SWIFT_VERSION = 5.0;
				TARGETED_DEVICE_FAMILY = "1,2";
			};
			name = Release;
		};
		5229713F27A8A6CA00EE2ADA /* Debug */ = {
			isa = XCBuildConfiguration;
			buildSettings = {
				ALWAYS_EMBED_SWIFT_STANDARD_LIBRARIES = YES;
				BUNDLE_LOADER = "$(TEST_HOST)";
				CODE_SIGN_STYLE = Automatic;
				CURRENT_PROJECT_VERSION = 1;
				DEVELOPMENT_TEAM = S93LX6U6S6;
				GENERATE_INFOPLIST_FILE = YES;
				IPHONEOS_DEPLOYMENT_TARGET = 15.2;
				MARKETING_VERSION = 1.0;
				PRODUCT_BUNDLE_IDENTIFIER = com.BrianBrown.FlixTests;
				PRODUCT_NAME = "$(TARGET_NAME)";
				SWIFT_EMIT_LOC_STRINGS = NO;
				SWIFT_VERSION = 5.0;
				TARGETED_DEVICE_FAMILY = "1,2";
				TEST_HOST = "$(BUILT_PRODUCTS_DIR)/Flix.app/Flix";
			};
			name = Debug;
		};
		5229714027A8A6CA00EE2ADA /* Release */ = {
			isa = XCBuildConfiguration;
			buildSettings = {
				ALWAYS_EMBED_SWIFT_STANDARD_LIBRARIES = YES;
				BUNDLE_LOADER = "$(TEST_HOST)";
				CODE_SIGN_STYLE = Automatic;
				CURRENT_PROJECT_VERSION = 1;
				DEVELOPMENT_TEAM = S93LX6U6S6;
				GENERATE_INFOPLIST_FILE = YES;
				IPHONEOS_DEPLOYMENT_TARGET = 15.2;
				MARKETING_VERSION = 1.0;
				PRODUCT_BUNDLE_IDENTIFIER = com.BrianBrown.FlixTests;
				PRODUCT_NAME = "$(TARGET_NAME)";
				SWIFT_EMIT_LOC_STRINGS = NO;
				SWIFT_VERSION = 5.0;
				TARGETED_DEVICE_FAMILY = "1,2";
				TEST_HOST = "$(BUILT_PRODUCTS_DIR)/Flix.app/Flix";
			};
			name = Release;
		};
		5229714227A8A6CA00EE2ADA /* Debug */ = {
			isa = XCBuildConfiguration;
			buildSettings = {
				ALWAYS_EMBED_SWIFT_STANDARD_LIBRARIES = YES;
				CODE_SIGN_STYLE = Automatic;
				CURRENT_PROJECT_VERSION = 1;
				DEVELOPMENT_TEAM = S93LX6U6S6;
				GENERATE_INFOPLIST_FILE = YES;
				MARKETING_VERSION = 1.0;
				PRODUCT_BUNDLE_IDENTIFIER = com.BrianBrown.FlixUITests;
				PRODUCT_NAME = "$(TARGET_NAME)";
				SWIFT_EMIT_LOC_STRINGS = NO;
				SWIFT_VERSION = 5.0;
				TARGETED_DEVICE_FAMILY = "1,2";
				TEST_TARGET_NAME = Flix;
			};
			name = Debug;
		};
		5229714327A8A6CA00EE2ADA /* Release */ = {
			isa = XCBuildConfiguration;
			buildSettings = {
				ALWAYS_EMBED_SWIFT_STANDARD_LIBRARIES = YES;
				CODE_SIGN_STYLE = Automatic;
				CURRENT_PROJECT_VERSION = 1;
				DEVELOPMENT_TEAM = S93LX6U6S6;
				GENERATE_INFOPLIST_FILE = YES;
				MARKETING_VERSION = 1.0;
				PRODUCT_BUNDLE_IDENTIFIER = com.BrianBrown.FlixUITests;
				PRODUCT_NAME = "$(TARGET_NAME)";
				SWIFT_EMIT_LOC_STRINGS = NO;
				SWIFT_VERSION = 5.0;
				TARGETED_DEVICE_FAMILY = "1,2";
				TEST_TARGET_NAME = Flix;
			};
			name = Release;
		};
/* End XCBuildConfiguration section */

/* Begin XCConfigurationList section */
		5229710C27A8A6C700EE2ADA /* Build configuration list for PBXProject "Flix" */ = {
			isa = XCConfigurationList;
			buildConfigurations = (
				5229713927A8A6CA00EE2ADA /* Debug */,
				5229713A27A8A6CA00EE2ADA /* Release */,
			);
			defaultConfigurationIsVisible = 0;
			defaultConfigurationName = Release;
		};
		5229713B27A8A6CA00EE2ADA /* Build configuration list for PBXNativeTarget "Flix" */ = {
			isa = XCConfigurationList;
			buildConfigurations = (
				5229713C27A8A6CA00EE2ADA /* Debug */,
				5229713D27A8A6CA00EE2ADA /* Release */,
			);
			defaultConfigurationIsVisible = 0;
			defaultConfigurationName = Release;
		};
		5229713E27A8A6CA00EE2ADA /* Build configuration list for PBXNativeTarget "FlixTests" */ = {
			isa = XCConfigurationList;
			buildConfigurations = (
				5229713F27A8A6CA00EE2ADA /* Debug */,
				5229714027A8A6CA00EE2ADA /* Release */,
			);
			defaultConfigurationIsVisible = 0;
			defaultConfigurationName = Release;
		};
		5229714127A8A6CA00EE2ADA /* Build configuration list for PBXNativeTarget "FlixUITests" */ = {
			isa = XCConfigurationList;
			buildConfigurations = (
				5229714227A8A6CA00EE2ADA /* Debug */,
				5229714327A8A6CA00EE2ADA /* Release */,
			);
			defaultConfigurationIsVisible = 0;
			defaultConfigurationName = Release;
		};
/* End XCConfigurationList section */

/* Begin XCRemoteSwiftPackageReference section */
		52B097F627A8CBFA00BDC233 /* XCRemoteSwiftPackageReference "AlamofireImage" */ = {
			isa = XCRemoteSwiftPackageReference;
			repositoryURL = "https://github.com/Alamofire/AlamofireImage";
			requirement = {
				kind = upToNextMajorVersion;
				minimumVersion = 4.0.0;
			};
		};
/* End XCRemoteSwiftPackageReference section */

/* Begin XCSwiftPackageProductDependency section */
		52B097F727A8CBFA00BDC233 /* AlamofireImage */ = {
			isa = XCSwiftPackageProductDependency;
			package = 52B097F627A8CBFA00BDC233 /* XCRemoteSwiftPackageReference "AlamofireImage" */;
			productName = AlamofireImage;
		};
/* End XCSwiftPackageProductDependency section */
	};
	rootObject = 5229710927A8A6C700EE2ADA /* Project object */;
}
